
Microsoft Visual Studio Solution File, Format Version 11.00
# Visual Studio 2010
Project("{FAE04EC0-301F-11D3-BF4B-00C04F79EFBC}") = "templateproject.Commons", "templateproject.Commons\templateproject.Commons.csproj", "{40A66DF7-458D-4A41-B307-E382DB5B1E3D}"
EndProject
Project("{FAE04EC0-301F-11D3-BF4B-00C04F79EFBC}") = "templateproject.Commons.NHibernate", "templateproject.Commons.NHibernate\templateproject.Commons.NHibernate.csproj", "{E9718B20-46DA-4BFF-96C3-9D08E212F6C2}"
EndProject
Project("{FAE04EC0-301F-11D3-BF4B-00C04F79EFBC}") = "templateproject.Commons.Test", "templateproject.Commons.Test\templateproject.Commons.Test.csproj", "{C1B7AC5C-2DC5-427B-8D5F-F4B6B4829249}"
EndProject
Global
	GlobalSection(SolutionConfigurationPlatforms) = preSolution
		Debug|Any CPU = Debug|Any CPU
		Release|Any CPU = Release|Any CPU
	EndGlobalSection
	GlobalSection(ProjectConfigurationPlatforms) = postSolution
		{40A66DF7-458D-4A41-B307-E382DB5B1E3D}.Debug|Any CPU.ActiveCfg = Debug|Any CPU
		{40A66DF7-458D-4A41-B307-E382DB5B1E3D}.Debug|Any CPU.Build.0 = Debug|Any CPU
		{40A66DF7-458D-4A41-B307-E382DB5B1E3D}.Release|Any CPU.ActiveCfg = Release|Any CPU
		{40A66DF7-458D-4A41-B307-E382DB5B1E3D}.Release|Any CPU.Build.0 = Release|Any CPU
		{E9718B20-46DA-4BFF-96C3-9D08E212F6C2}.Debug|Any CPU.ActiveCfg = Debug|Any CPU
		{E9718B20-46DA-4BFF-96C3-9D08E212F6C2}.Debug|Any CPU.Build.0 = Debug|Any CPU
		{E9718B20-46DA-4BFF-96C3-9D08E212F6C2}.Release|Any CPU.ActiveCfg = Release|Any CPU
		{E9718B20-46DA-4BFF-96C3-9D08E212F6C2}.Release|Any CPU.Build.0 = Release|Any CPU
		{C1B7AC5C-2DC5-427B-8D5F-F4B6B4829249}.Debug|Any CPU.ActiveCfg = Debug|Any CPU
		{C1B7AC5C-2DC5-427B-8D5F-F4B6B4829249}.Debug|Any CPU.Build.0 = Debug|Any CPU
		{C1B7AC5C-2DC5-427B-8D5F-F4B6B4829249}.Release|Any CPU.ActiveCfg = Release|Any CPU
		{C1B7AC5C-2DC5-427B-8D5F-F4B6B4829249}.Release|Any CPU.Build.0 = Release|Any CPU
	EndGlobalSection
	GlobalSection(SolutionProperties) = preSolution
		HideSolutionNode = FALSE
	EndGlobalSection
EndGlobal
